
Microsoft Visual Studio Solution File, Format Version 12.00
# Visual Studio Version 17
VisualStudioVersion = 17.0.32014.148
MinimumVisualStudioVersion = 10.0.40219.1
Project("{9A19103F-16F7-4668-BE54-9A1E7A4F7556}") = "Barista", "Barista\Barista.csproj", "{7649FFD4-F366-4A72-9EC9-9E6FDF8ABFFF}"
EndProject
Project("{9A19103F-16F7-4668-BE54-9A1E7A4F7556}") = "BaristaTests", "BaristaTests\BaristaTests.csproj", "{3EF056F1-6668-4751-B218-7BBADC7F2080}"
EndProject
Global
	GlobalSection(SolutionConfigurationPlatforms) = preSolution
		Debug|Any CPU = Debug|Any CPU
		Release|Any CPU = Release|Any CPU
	EndGlobalSection
	GlobalSection(ProjectConfigurationPlatforms) = postSolution
		{7649FFD4-F366-4A72-9EC9-9E6FDF8ABFFF}.Debug|Any CPU.ActiveCfg = Debug|Any CPU
		{7649FFD4-F366-4A72-9EC9-9E6FDF8ABFFF}.Debug|Any CPU.Build.0 = Debug|Any CPU
		{7649FFD4-F366-4A72-9EC9-9E6FDF8ABFFF}.Release|Any CPU.ActiveCfg = Release|Any CPU
		{7649FFD4-F366-4A72-9EC9-9E6FDF8ABFFF}.Release|Any CPU.Build.0 = Release|Any CPU
		{3EF056F1-6668-4751-B218-7BBADC7F2080}.Debug|Any CPU.ActiveCfg = Debug|Any CPU
		{3EF056F1-6668-4751-B218-7BBADC7F2080}.Debug|Any CPU.Build.0 = Debug|Any CPU
		{3EF056F1-6668-4751-B218-7BBADC7F2080}.Release|Any CPU.ActiveCfg = Release|Any CPU
		{3EF056F1-6668-4751-B218-7BBADC7F2080}.Release|Any CPU.Build.0 = Release|Any CPU
	EndGlobalSection
	GlobalSection(SolutionProperties) = preSolution
		HideSolutionNode = FALSE
	EndGlobalSection
	GlobalSection(ExtensibilityGlobals) = postSolution
		SolutionGuid = {64096135-28E4-42DC-9A45-4916B21B66C1}
	EndGlobalSection
EndGlobal
